
Microsoft Visual Studio Solution File, Format Version 12.00
# Visual Studio Version 17
VisualStudioVersion = 17.4.33205.214
MinimumVisualStudioVersion = 10.0.40219.1
Project("{FAE04EC0-301F-11D3-BF4B-00C04F79EFBC}") = "LearningWinform", "LearningWinform\LearningWinform.csproj", "{103D9C86-CC93-4BEF-A733-825B9DB3E0BC}"
EndProject
Global
	GlobalSection(SolutionConfigurationPlatforms) = preSolution
		Debug|Any CPU = Debug|Any CPU
		Release|Any CPU = Release|Any CPU
	EndGlobalSection
	GlobalSection(ProjectConfigurationPlatforms) = postSolution
		{103D9C86-CC93-4BEF-A733-825B9DB3E0BC}.Debug|Any CPU.ActiveCfg = Debug|Any CPU
		{103D9C86-CC93-4BEF-A733-825B9DB3E0BC}.Debug|Any CPU.Build.0 = Debug|Any CPU
		{103D9C86-CC93-4BEF-A733-825B9DB3E0BC}.Release|Any CPU.ActiveCfg = Release|Any CPU
		{103D9C86-CC93-4BEF-A733-825B9DB3E0BC}.Release|Any CPU.Build.0 = Release|Any CPU
	EndGlobalSection
	GlobalSection(SolutionProperties) = preSolution
		HideSolutionNode = FALSE
	EndGlobalSection
	GlobalSection(ExtensibilityGlobals) = postSolution
		SolutionGuid = {7470174D-246D-463A-84DD-30FF163E2694}
	EndGlobalSection
EndGlobal
